
Microsoft Visual Studio Solution File, Format Version 12.00
# Visual Studio 15
VisualStudioVersion = 15.0.26430.6
MinimumVisualStudioVersion = 10.0.40219.1
Project("{2150E333-8FDC-42A3-9474-1A3956D46DE8}") = "src", "src", "{37AFB616-20F6-455D-948B-C6AC972A3D71}"
EndProject
Project("{2150E333-8FDC-42A3-9474-1A3956D46DE8}") = "Solution Items", "Solution Items", "{8E69E5B5-E884-4E5A-8691-6A1C7EE5F23B}"
EndProject
Project("{2150E333-8FDC-42A3-9474-1A3956D46DE8}") = "tests", "tests", "{C3093B3F-DCA4-476D-9380-4DD385FF1924}"
EndProject
Project("{9A19103F-16F7-4668-BE54-9A1E7A4F7556}") = "BudgetFlow", "src\BudgetFlow\BudgetFlow.csproj", "{DF4CF004-0E45-4789-9B4F-CEB6C8B478F4}"
EndProject
Project("{9A19103F-16F7-4668-BE54-9A1E7A4F7556}") = "BudgetFlow.Tests", "tests\BudgetFlow.Tests\BudgetFlow.Tests.csproj", "{D92E2245-7451-4C70-8507-28C33BC4763C}"
EndProject
Global
	GlobalSection(SolutionConfigurationPlatforms) = preSolution
		Debug|Any CPU = Debug|Any CPU
		Release|Any CPU = Release|Any CPU
	EndGlobalSection
	GlobalSection(ProjectConfigurationPlatforms) = postSolution
		{DF4CF004-0E45-4789-9B4F-CEB6C8B478F4}.Debug|Any CPU.ActiveCfg = Debug|Any CPU
		{DF4CF004-0E45-4789-9B4F-CEB6C8B478F4}.Debug|Any CPU.Build.0 = Debug|Any CPU
		{DF4CF004-0E45-4789-9B4F-CEB6C8B478F4}.Release|Any CPU.ActiveCfg = Release|Any CPU
		{DF4CF004-0E45-4789-9B4F-CEB6C8B478F4}.Release|Any CPU.Build.0 = Release|Any CPU
		{D92E2245-7451-4C70-8507-28C33BC4763C}.Debug|Any CPU.ActiveCfg = Debug|Any CPU
		{D92E2245-7451-4C70-8507-28C33BC4763C}.Debug|Any CPU.Build.0 = Debug|Any CPU
		{D92E2245-7451-4C70-8507-28C33BC4763C}.Release|Any CPU.ActiveCfg = Release|Any CPU
		{D92E2245-7451-4C70-8507-28C33BC4763C}.Release|Any CPU.Build.0 = Release|Any CPU
	EndGlobalSection
	GlobalSection(SolutionProperties) = preSolution
		HideSolutionNode = FALSE
	EndGlobalSection
	GlobalSection(NestedProjects) = preSolution
		{DF4CF004-0E45-4789-9B4F-CEB6C8B478F4} = {37AFB616-20F6-455D-948B-C6AC972A3D71}
		{D92E2245-7451-4C70-8507-28C33BC4763C} = {C3093B3F-DCA4-476D-9380-4DD385FF1924}
	EndGlobalSection
EndGlobal
